
Microsoft Visual Studio Solution File, Format Version 12.00
Project("{FAE04EC0-301F-11D3-BF4B-00C04F79EFBC}") = "ScadaBackend", "ScadaBackend\ScadaBackend.csproj", "{B2D483B1-1BF0-40A4-8C5B-79323F4F4998}"
EndProject
Global
	GlobalSection(SolutionConfigurationPlatforms) = preSolution
		Debug|Any CPU = Debug|Any CPU
		Release|Any CPU = Release|Any CPU
	EndGlobalSection
	GlobalSection(ProjectConfigurationPlatforms) = postSolution
		{B2D483B1-1BF0-40A4-8C5B-79323F4F4998}.Debug|Any CPU.ActiveCfg = Debug|Any CPU
		{B2D483B1-1BF0-40A4-8C5B-79323F4F4998}.Debug|Any CPU.Build.0 = Debug|Any CPU
		{B2D483B1-1BF0-40A4-8C5B-79323F4F4998}.Release|Any CPU.ActiveCfg = Release|Any CPU
		{B2D483B1-1BF0-40A4-8C5B-79323F4F4998}.Release|Any CPU.Build.0 = Release|Any CPU
	EndGlobalSection
EndGlobal
